// !$*UTF8*$!
{
	archiveVersion = 1;
	classes = {
	};
	objectVersion = 46;
	objects = {

/* Begin PBXBuildFile section */
		970E87171C9E219000E75423 /* AppDelegate.swift in Sources */ = {isa = PBXBuildFile; fileRef = 970E87161C9E219000E75423 /* AppDelegate.swift */; };
		970E87191C9E219000E75423 /* ViewController.swift in Sources */ = {isa = PBXBuildFile; fileRef = 970E87181C9E219000E75423 /* ViewController.swift */; };
		970E871C1C9E219000E75423 /* Main.storyboard in Resources */ = {isa = PBXBuildFile; fileRef = 970E871A1C9E219000E75423 /* Main.storyboard */; };
		970E871E1C9E219000E75423 /* Assets.xcassets in Resources */ = {isa = PBXBuildFile; fileRef = 970E871D1C9E219000E75423 /* Assets.xcassets */; };
		970E87211C9E219000E75423 /* LaunchScreen.storyboard in Resources */ = {isa = PBXBuildFile; fileRef = 970E871F1C9E219000E75423 /* LaunchScreen.storyboard */; };
/* End PBXBuildFile section */

/* Begin PBXFileReference section */
		970E87131C9E219000E75423 /* ControlFun.app */ = {isa = PBXFileReference; explicitFileType = wrapper.application; includeInIndex = 0; path = ControlFun.app; sourceTree = BUILT_PRODUCTS_DIR; };
		970E87161C9E219000E75423 /* AppDelegate.swift */ = {isa = PBXFileReference; lastKnownFileType = sourcecode.swift; path = AppDelegate.swift; sourceTree = "<group>"; };
		970E87181C9E219000E75423 /* ViewController.swift */ = {isa = PBXFileReference; lastKnownFileType = sourcecode.swift; path = ViewController.swift; sourceTree = "<group>"; };
		970E871B1C9E219000E75423 /* Base */ = {isa = PBXFileReference; lastKnownFileType = file.storyboard; name = Base; path = Base.lproj/Main.storyboard; sourceTree = "<group>"; };
		970E871D1C9E219000E75423 /* Assets.xcassets */ = {isa = PBXFileReference; lastKnownFileType = folder.assetcatalog; path = Assets.xcassets; sourceTree = "<group>"; };
		970E87201C9E219000E75423 /* Base */ = {isa = PBXFileReference; lastKnownFileType = file.storyboard; name = Base; path = Base.lproj/LaunchScreen.storyboard; sourceTree = "<group>"; };
		970E87221C9E219000E75423 /* Info.plist */ = {isa = PBXFileReference; lastKnownFileType = text.plist.xml; path = Info.plist; sourceTree = "<group>"; };
/* End PBXFileReference section */

/* Begin PBXFrameworksBuildPhase section */
		970E87101C9E219000E75423 /* Frameworks */ = {
			isa = PBXFrameworksBuildPhase;
			buildActionMask = 2147483647;
			files = (
			);
			runOnlyForDeploymentPostprocessing = 0;
		};
/* End PBXFrameworksBuildPhase section */

/* Begin PBXGroup section */
		970E870A1C9E219000E75423 = {
			isa = PBXGroup;
			children = (
				970E87151C9E219000E75423 /* ControlFun */,
				970E87141C9E219000E75423 /* Products */,
			);
			sourceTree = "<group>";
		};
		970E87141C9E219000E75423 /* Products */ = {
			isa = PBXGroup;
			children = (
				970E87131C9E219000E75423 /* ControlFun.app */,
			);
			name = Products;
			sourceTree = "<group>";
		};
		970E87151C9E219000E75423 /* ControlFun */ = {
			isa = PBXGroup;
			children = (
				970E87161C9E219000E75423 /* AppDelegate.swift */,
				970E87181C9E219000E75423 /* ViewController.swift */,
				970E871A1C9E219000E75423 /* Main.storyboard */,
				970E871D1C9E219000E75423 /* Assets.xcassets */,
				970E871F1C9E219000E75423 /* LaunchScreen.storyboard */,
				970E87221C9E219000E75423 /* Info.plist */,
			);
			path = ControlFun;
			sourceTree = "<group>";
		};
/* End PBXGroup section */

/* Begin PBXNativeTarget section */
		970E87121C9E219000E75423 /* ControlFun */ = {
			isa = PBXNativeTarget;
			buildConfigurationList = 970E87251C9E219000E75423 /* Build configuration list for PBXNativeTarget "ControlFun" */;
			buildPhases = (
				970E870F1C9E219000E75423 /* Sources */,
				970E87101C9E219000E75423 /* Frameworks */,
				970E87111C9E219000E75423 /* Resources */,
			);
			buildRules = (
			);
			dependencies = (
			);
			name = ControlFun;
			productName = ControlFun;
			productReference = 970E87131C9E219000E75423 /* ControlFun.app */;
			productType = "com.apple.product-type.application";
		};
/* End PBXNativeTarget section */

/* Begin PBXProject section */
		970E870B1C9E219000E75423 /* Project object */ = {
			isa = PBXProject;
			attributes = {
				LastSwiftUpdateCheck = 0720;
				LastUpgradeCheck = 0720;
				ORGANIZATIONNAME = "The Arwed Group";
				TargetAttributes = {
					970E87121C9E219000E75423 = {
						CreatedOnToolsVersion = 7.2.1;
					};
				};
			};
			buildConfigurationList = 970E870E1C9E219000E75423 /* Build configuration list for PBXProject "ControlFun" */;
			compatibilityVersion = "Xcode 3.2";
			developmentRegion = English;
			hasScannedForEncodings = 0;
			knownRegions = (
				en,
				Base,
			);
			mainGroup = 970E870A1C9E219000E75423;
			productRefGroup = 970E87141C9E219000E75423 /* Products */;
			projectDirPath = "";
			projectRoot = "";
			targets = (
				970E87121C9E219000E75423 /* ControlFun */,
			);
		};
/* End PBXProject section */

/* Begin PBXResourcesBuildPhase section */
		970E87111C9E219000E75423 /* Resources */ = {
			isa = PBXResourcesBuildPhase;
			buildActionMask = 2147483647;
			files = (
				970E87211C9E219000E75423 /* LaunchScreen.storyboard in Resources */,
				970E871E1C9E219000E75423 /* Assets.xcassets in Resources */,
				970E871C1C9E219000E75423 /* Main.storyboard in Resources */,
			);
			runOnlyForDeploymentPostprocessing = 0;
		};
/* End PBXResourcesBuildPhase section */

/* Begin PBXSourcesBuildPhase section */
		970E870F1C9E219000E75423 /* Sources */ = {
			isa = PBXSourcesBuildPhase;
			buildActionMask = 2147483647;
			files = (
				970E87191C9E219000E75423 /* ViewController.swift in Sources */,
				970E87171C9E219000E75423 /* AppDelegate.swift in Sources */,
			);
			runOnlyForDeploymentPostprocessing = 0;
		};
/* End PBXSourcesBuildPhase section */

/* Begin PBXVariantGroup section */
		970E871A1C9E219000E75423 /* Main.storyboard */ = {
			isa = PBXVariantGroup;
			children = (
				970E871B1C9E219000E75423 /* Base */,
			);
			name = Main.storyboard;
			sourceTree = "<group>";
		};
		970E871F1C9E219000E75423 /* LaunchScreen.storyboard */ = {
			isa = PBXVariantGroup;
			children = (
				970E87201C9E219000E75423 /* Base */,
			);
			name = LaunchScreen.storyboard;
			sourceTree = "<group>";
		};
/* End PBXVariantGroup section */

/* Begin XCBuildConfiguration section */
		970E87231C9E219000E75423 /* Debug */ = {
			isa = XCBuildConfiguration;
			buildSettings = {
				ALWAYS_SEARCH_USER_PATHS = NO;
				CLANG_CXX_LANGUAGE_STANDARD = "gnu++0x";
				CLANG_CXX_LIBRARY = "libc++";
				CLANG_ENABLE_MODULES = YES;
				CLANG_ENABLE_OBJC_ARC = YES;
				CLANG_WARN_BOOL_CONVERSION = YES;
				CLANG_WARN_CONSTANT_CONVERSION = YES;
				CLANG_WARN_DIRECT_OBJC_ISA_USAGE = YES_ERROR;
				CLANG_WARN_EMPTY_BODY = YES;
				CLANG_WARN_ENUM_CONVERSION = YES;
				CLANG_WARN_INT_CONVERSION = YES;
				CLANG_WARN_OBJC_ROOT_CLASS = YES_ERROR;
				CLANG_WARN_UNREACHABLE_CODE = YES;
				CLANG_WARN__DUPLICATE_METHOD_MATCH = YES;
				"CODE_SIGN_IDENTITY[sdk=iphoneos*]" = "iPhone Developer";
				COPY_PHASE_STRIP = NO;
				DEBUG_INFORMATION_FORMAT = dwarf;
				ENABLE_STRICT_OBJC_MSGSEND = YES;
				ENABLE_TESTABILITY = YES;
				GCC_C_LANGUAGE_STANDARD = gnu99;
				GCC_DYNAMIC_NO_PIC = NO;
				GCC_NO_COMMON_BLOCKS = YES;
				GCC_OPTIMIZATION_LEVEL = 0;
				GCC_PREPROCESSOR_DEFINITIONS = (
					"DEBUG=1",
					"$(inherited)",
				);
				GCC_WARN_64_TO_32_BIT_CONVERSION = YES;
				GCC_WARN_ABOUT_RETURN_TYPE = YES_ERROR;
				GCC_WARN_UNDECLARED_SELECTOR = YES;
				GCC_WARN_UNINITIALIZED_AUTOS = YES_AGGRESSIVE;
				GCC_WARN_UNUSED_FUNCTION = YES;
				GCC_WARN_UNUSED_VARIABLE = YES;
				IPHONEOS_DEPLOYMENT_TARGET = 9.2;
				MTL_ENABLE_DEBUG_INFO = YES;
				ONLY_ACTIVE_ARCH = YES;
				SDKROOT = iphoneos;
				SWIFT_OPTIMIZATION_LEVEL = "-Onone";
				TARGETED_DEVICE_FAMILY = "1,2";
			};
			name = Debug;
		};
		970E87241C9E219000E75423 /* Release */ = {
			isa = XCBuildConfiguration;
			buildSettings = {
				ALWAYS_SEARCH_USER_PATHS = NO;
				CLANG_CXX_LANGUAGE_STANDARD = "gnu++0x";
				CLANG_CXX_LIBRARY = "libc++";
				CLANG_ENABLE_MODULES = YES;
				CLANG_ENABLE_OBJC_ARC = YES;
				CLANG_WARN_BOOL_CONVERSION = YES;
				CLANG_WARN_CONSTANT_CONVERSION = YES;
				CLANG_WARN_DIRECT_OBJC_ISA_USAGE = YES_ERROR;
				CLANG_WARN_EMPTY_BODY = YES;
				CLANG_WARN_ENUM_CONVERSION = YES;
				CLANG_WARN_INT_CONVERSION = YES;
				CLANG_WARN_OBJC_ROOT_CLASS = YES_ERROR;
				CLANG_WARN_UNREACHABLE_CODE = YES;
				CLANG_WARN__DUPLICATE_METHOD_MATCH = YES;
				"CODE_SIGN_IDENTITY[sdk=iphoneos*]" = "iPhone Developer";
				COPY_PHASE_STRIP = NO;
				DEBUG_INFORMATION_FORMAT = "dwarf-with-dsym";
				ENABLE_NS_ASSERTIONS = NO;
				ENABLE_STRICT_OBJC_MSGSEND = YES;
				GCC_C_LANGUAGE_STANDARD = gnu99;
				GCC_NO_COMMON_BLOCKS = YES;
				GCC_WARN_64_TO_32_BIT_CONVERSION = YES;
				GCC_WARN_ABOUT_RETURN_TYPE = YES_ERROR;
				GCC_WARN_UNDECLARED_SELECTOR = YES;
				GCC_WARN_UNINITIALIZED_AUTOS = YES_AGGRESSIVE;
				GCC_WARN_UNUSED_FUNCTION = YES;
				GCC_WARN_UNUSED_VARIABLE = YES;
				IPHONEOS_DEPLOYMENT_TARGET = 9.2;
				MTL_ENABLE_DEBUG_INFO = NO;
				SDKROOT = iphoneos;
				TARGETED_DEVICE_FAMILY = "1,2";
				VALIDATE_PRODUCT = YES;
			};
			name = Release;
		};
		970E87261C9E219000E75423 /* Debug */ = {
			isa = XCBuildConfiguration;
			buildSettings = {
				ASSETCATALOG_COMPILER_APPICON_NAME = AppIcon;
				INFOPLIST_FILE = ControlFun/Info.plist;
				LD_RUNPATH_SEARCH_PATHS = "$(inherited) @executable_path/Frameworks";
				PRODUCT_BUNDLE_IDENTIFIER = com.arwed.ControlFun;
				PRODUCT_NAME = "$(TARGET_NAME)";
			};
			name = Debug;
		};
		970E87271C9E219000E75423 /* Release */ = {
			isa = XCBuildConfiguration;
			buildSettings = {
				ASSETCATALOG_COMPILER_APPICON_NAME = AppIcon;
				INFOPLIST_FILE = ControlFun/Info.plist;
				LD_RUNPATH_SEARCH_PATHS = "$(inherited) @executable_path/Frameworks";
				PRODUCT_BUNDLE_IDENTIFIER = com.arwed.ControlFun;
				PRODUCT_NAME = "$(TARGET_NAME)";
			};
			name = Release;
		};
/* End XCBuildConfiguration section */

/* Begin XCConfigurationList section */
		970E870E1C9E219000E75423 /* Build configuration list for PBXProject "ControlFun" */ = {
			isa = XCConfigurationList;
			buildConfigurations = (
				970E87231C9E219000E75423 /* Debug */,
				970E87241C9E219000E75423 /* Release */,
			);
			defaultConfigurationIsVisible = 0;
			defaultConfigurationName = Release;
		};
		970E87251C9E219000E75423 /* Build configuration list for PBXNativeTarget "ControlFun" */ = {
			isa = XCConfigurationList;
			buildConfigurations = (
				970E87261C9E219000E75423 /* Debug */,
				970E87271C9E219000E75423 /* Release */,
			);
			defaultConfigurationIsVisible = 0;
		};
/* End XCConfigurationList section */
	};
	rootObject = 970E870B1C9E219000E75423 /* Project object */;
}
